{
  "version": 4,
  "terraform_version": "1.5.0",
  "serial": 329,
  "lineage": "510a2a92-74d7-4683-e96b-f9a83ee8dca5",
  "outputs": {},
  "resources": [
    {
      "module": "module.autoscalinggroup_module",
      "mode": "managed",
      "type": "aws_autoscaling_attachment",
      "name": "attach01",
      "provider": "provider[\"registry.terraform.io/hashicorp/aws\"]",
      "instances": [
        {
          "schema_version": 0,
          "attributes": {
            "alb_target_group_arn": null,
            "autoscaling_group_name": "autoscaling_group",
            "elb": null,
            "id": "autoscaling_group-20230616031457635700000003",
            "lb_target_group_arn": "arn:aws:elasticloadbalancing:ap-southeast-1:656859035273:targetgroup/target01/c4eff9e42cf74cdb"
          },
          "sensitive_attributes": [],
          "private": "bnVsbA==",
          "dependencies": [
            "module.autoscalinggroup_module.aws_autoscaling_group.autogp01",
            "module.autoscalinggroup_module.aws_launch_configuration.lcfg01",
            "module.loadbalancer_module.aws_lb_target_group.tg01",
            "module.networking_module.aws_security_group.sg01",
            "module.networking_module.aws_security_group.sg02",
            "module.networking_module.aws_subnet.public_subnet01",
            "module.networking_module.aws_subnet.public_subnet02",
            "module.networking_module.aws_vpc.vpc01"
          ]
        }
      ]
    },
    {
      "module": "module.autoscalinggroup_module",
      "mode": "managed",
      "type": "aws_autoscaling_group",
      "name": "autogp01",
      "provider": "provider[\"registry.terraform.io/hashicorp/aws\"]",
      "instances": [
        {
          "schema_version": 0,
          "attributes": {
            "arn": "arn:aws:autoscaling:ap-southeast-1:656859035273:autoScalingGroup:df8c42bd-550c-44cd-86a3-73618e7609e4:autoScalingGroupName/autoscaling_group",
            "availability_zones": [
              "ap-southeast-1b",
              "ap-southeast-1c"
            ],
            "capacity_rebalance": false,
            "context": "",
            "default_cooldown": 300,
            "default_instance_warmup": 0,
            "desired_capacity": 1,
            "desired_capacity_type": "",
            "enabled_metrics": [
              "GroupDesiredCapacity",
              "GroupInServiceInstances",
              "GroupMaxSize",
              "GroupMinSize",
              "GroupTotalInstances"
            ],
            "force_delete": false,
            "force_delete_warm_pool": false,
            "health_check_grace_period": 300,
            "health_check_type": "ELB",
            "id": "autoscaling_group",
            "initial_lifecycle_hook": [],
            "instance_refresh": [],
            "launch_configuration": "anco-ec2-20230616031407780000000002",
            "launch_template": [],
            "load_balancers": null,
            "max_instance_lifetime": 0,
            "max_size": 3,
            "metrics_granularity": "1Minute",
            "min_elb_capacity": null,
            "min_size": 1,
            "mixed_instances_policy": [],
            "name": "autoscaling_group",
            "name_prefix": "",
            "placement_group": "",
            "protect_from_scale_in": false,
            "service_linked_role_arn": "arn:aws:iam::656859035273:role/aws-service-role/autoscaling.amazonaws.com/AWSServiceRoleForAutoScaling",
            "suspended_processes": null,
            "tag": [
              {
                "key": "Env",
                "propagate_at_launch": true,
                "value": "testing"
              }
            ],
            "tags": null,
            "target_group_arns": null,
            "termination_policies": null,
            "timeouts": null,
            "vpc_zone_identifier": [
              "subnet-06e94d34de6384893",
              "subnet-09b448dddcd7aae09"
            ],
            "wait_for_capacity_timeout": "10m",
            "wait_for_elb_capacity": null,
            "warm_pool": []
          },
          "sensitive_attributes": [],
          "private": "eyJlMmJmYjczMC1lY2FhLTExZTYtOGY4OC0zNDM2M2JjN2M0YzAiOnsiZGVsZXRlIjo2MDAwMDAwMDAwMDAsInVwZGF0ZSI6NjAwMDAwMDAwMDAwfX0=",
          "dependencies": [
            "module.autoscalinggroup_module.aws_launch_configuration.lcfg01",
            "module.networking_module.aws_security_group.sg01",
            "module.networking_module.aws_security_group.sg02",
            "module.networking_module.aws_subnet.public_subnet01",
            "module.networking_module.aws_subnet.public_subnet02",
            "module.networking_module.aws_vpc.vpc01"
          ],
          "create_before_destroy": true
        }
      ]
    },
    {
      "module": "module.autoscalinggroup_module",
      "mode": "managed",
      "type": "aws_autoscaling_policy",
      "name": "scaldown",
      "provider": "provider[\"registry.terraform.io/hashicorp/aws\"]",
      "instances": [
        {
          "schema_version": 0,
          "attributes": {
            "adjustment_type": "ChangeInCapacity",
            "arn": "arn:aws:autoscaling:ap-southeast-1:656859035273:scalingPolicy:259d35f0-e7e9-4c14-93d2-63ec9b6a1ef1:autoScalingGroupName/autoscaling_group:policyName/scaling-down",
            "autoscaling_group_name": "autoscaling_group",
            "cooldown": 300,
            "enabled": true,
            "estimated_instance_warmup": 0,
            "id": "scaling-down",
            "metric_aggregation_type": "",
            "min_adjustment_magnitude": 0,
            "name": "scaling-down",
            "policy_type": "SimpleScaling",
            "predictive_scaling_configuration": [],
            "scaling_adjustment": -1,
            "step_adjustment": [],
            "target_tracking_configuration": []
          },
          "sensitive_attributes": [],
          "private": "bnVsbA==",
          "dependencies": [
            "module.autoscalinggroup_module.aws_autoscaling_group.autogp01",
            "module.autoscalinggroup_module.aws_launch_configuration.lcfg01",
            "module.networking_module.aws_security_group.sg01",
            "module.networking_module.aws_security_group.sg02",
            "module.networking_module.aws_subnet.public_subnet01",
            "module.networking_module.aws_subnet.public_subnet02",
            "module.networking_module.aws_vpc.vpc01"
          ]
        }
      ]
    },
    {
      "module": "module.autoscalinggroup_module",
      "mode": "managed",
      "type": "aws_autoscaling_policy",
      "name": "scalup",
      "provider": "provider[\"registry.terraform.io/hashicorp/aws\"]",
      "instances": [
        {
          "schema_version": 0,
          "attributes": {
            "adjustment_type": "ChangeInCapacity",
            "arn": "arn:aws:autoscaling:ap-southeast-1:656859035273:scalingPolicy:7fbc5183-34f6-40d4-8c27-1f5d50a170fe:autoScalingGroupName/autoscaling_group:policyName/scaling-up",
            "autoscaling_group_name": "autoscaling_group",
            "cooldown": 300,
            "enabled": true,
            "estimated_instance_warmup": 0,
            "id": "scaling-up",
            "metric_aggregation_type": "",
            "min_adjustment_magnitude": 0,
            "name": "scaling-up",
            "policy_type": "SimpleScaling",
            "predictive_scaling_configuration": [],
            "scaling_adjustment": 1,
            "step_adjustment": [],
            "target_tracking_configuration": []
          },
          "sensitive_attributes": [],
          "private": "bnVsbA==",
          "dependencies": [
            "module.autoscalinggroup_module.aws_autoscaling_group.autogp01",
            "module.autoscalinggroup_module.aws_launch_configuration.lcfg01",
            "module.networking_module.aws_security_group.sg01",
            "module.networking_module.aws_security_group.sg02",
            "module.networking_module.aws_subnet.public_subnet01",
            "module.networking_module.aws_subnet.public_subnet02",
            "module.networking_module.aws_vpc.vpc01"
          ]
        }
      ]
    },
    {
      "module": "module.autoscalinggroup_module",
      "mode": "managed",
      "type": "aws_cloudwatch_metric_alarm",
      "name": "scaldown-alarm",
      "provider": "provider[\"registry.terraform.io/hashicorp/aws\"]",
      "instances": [
        {
          "schema_version": 1,
          "attributes": {
            "actions_enabled": true,
            "alarm_actions": [
              "arn:aws:autoscaling:ap-southeast-1:656859035273:scalingPolicy:259d35f0-e7e9-4c14-93d2-63ec9b6a1ef1:autoScalingGroupName/autoscaling_group:policyName/scaling-down"
            ],
            "alarm_description": "This metric monitor EC2 instance CPU utilization",
            "alarm_name": "scaldown-alarm",
            "arn": "arn:aws:cloudwatch:ap-southeast-1:656859035273:alarm:scaldown-alarm",
            "comparison_operator": "LessThanOrEqualToThreshold",
            "datapoints_to_alarm": 0,
            "dimensions": {
              "AutoScalingGroupName": "autoscaling_group"
            },
            "evaluate_low_sample_count_percentiles": "",
            "evaluation_periods": 2,
            "extended_statistic": "",
            "id": "scaldown-alarm",
            "insufficient_data_actions": null,
            "metric_name": "CPUUtilization",
            "metric_query": [],
            "namespace": "AWS/EC2",
            "ok_actions": null,
            "period": 120,
            "statistic": "Average",
            "tags": null,
            "tags_all": {},
            "threshold": 10,
            "threshold_metric_id": "",
            "treat_missing_data": "missing",
            "unit": ""
          },
          "sensitive_attributes": [],
          "private": "eyJzY2hlbWFfdmVyc2lvbiI6IjEifQ==",
          "dependencies": [
            "module.autoscalinggroup_module.aws_autoscaling_group.autogp01",
            "module.autoscalinggroup_module.aws_autoscaling_policy.scaldown",
            "module.autoscalinggroup_module.aws_launch_configuration.lcfg01",
            "module.networking_module.aws_security_group.sg01",
            "module.networking_module.aws_security_group.sg02",
            "module.networking_module.aws_subnet.public_subnet01",
            "module.networking_module.aws_subnet.public_subnet02",
            "module.networking_module.aws_vpc.vpc01"
          ]
        }
      ]
    },
    {
      "module": "module.autoscalinggroup_module",
      "mode": "managed",
      "type": "aws_cloudwatch_metric_alarm",
      "name": "scalup-alarm",
      "provider": "provider[\"registry.terraform.io/hashicorp/aws\"]",
      "instances": [
        {
          "schema_version": 1,
          "attributes": {
            "actions_enabled": true,
            "alarm_actions": [
              "arn:aws:autoscaling:ap-southeast-1:656859035273:scalingPolicy:7fbc5183-34f6-40d4-8c27-1f5d50a170fe:autoScalingGroupName/autoscaling_group:policyName/scaling-up"
            ],
            "alarm_description": "This metric monitor EC2 instance CPU utilization",
            "alarm_name": "scalup-alarm",
            "arn": "arn:aws:cloudwatch:ap-southeast-1:656859035273:alarm:scalup-alarm",
            "comparison_operator": "GreaterThanOrEqualToThreshold",
            "datapoints_to_alarm": 0,
            "dimensions": {
              "AutoScalingGroupName": "autoscaling_group"
            },
            "evaluate_low_sample_count_percentiles": "",
            "evaluation_periods": 2,
            "extended_statistic": "",
            "id": "scalup-alarm",
            "insufficient_data_actions": null,
            "metric_name": "CPUUtilization",
            "metric_query": [],
            "namespace": "AWS/EC2",
            "ok_actions": null,
            "period": 120,
            "statistic": "Average",
            "tags": null,
            "tags_all": {},
            "threshold": 60,
            "threshold_metric_id": "",
            "treat_missing_data": "missing",
            "unit": ""
          },
          "sensitive_attributes": [],
          "private": "eyJzY2hlbWFfdmVyc2lvbiI6IjEifQ==",
          "dependencies": [
            "module.autoscalinggroup_module.aws_autoscaling_group.autogp01",
            "module.autoscalinggroup_module.aws_autoscaling_policy.scalup",
            "module.autoscalinggroup_module.aws_launch_configuration.lcfg01",
            "module.networking_module.aws_security_group.sg01",
            "module.networking_module.aws_security_group.sg02",
            "module.networking_module.aws_subnet.public_subnet01",
            "module.networking_module.aws_subnet.public_subnet02",
            "module.networking_module.aws_vpc.vpc01"
          ]
        }
      ]
    },
    {
      "module": "module.autoscalinggroup_module",
      "mode": "managed",
      "type": "aws_launch_configuration",
      "name": "lcfg01",
      "provider": "provider[\"registry.terraform.io/hashicorp/aws\"]",
      "instances": [
        {
          "schema_version": 0,
          "attributes": {
            "arn": "arn:aws:autoscaling:ap-southeast-1:656859035273:launchConfiguration:a40a7dca-668f-4613-acf6-8dde4b90a9a0:launchConfigurationName/anco-ec2-20230616031407780000000002",
            "associate_public_ip_address": true,
            "ebs_block_device": [],
            "ebs_optimized": false,
            "enable_monitoring": true,
            "ephemeral_block_device": [],
            "iam_instance_profile": "",
            "id": "anco-ec2-20230616031407780000000002",
            "image_id": "ami-0df7a207adb9748c7",
            "instance_type": "t2.micro",
            "key_name": "",
            "metadata_options": [],
            "name": "anco-ec2-20230616031407780000000002",
            "name_prefix": "anco-ec2-",
            "placement_tenancy": "",
            "root_block_device": [],
            "security_groups": [
              "sg-0a0b2116801b165cb"
            ],
            "spot_price": "",
            "user_data": "82e7bf43dd94b7d83ceafb5af2053e0b757dac1a",
            "user_data_base64": null,
            "vpc_classic_link_id": "",
            "vpc_classic_link_security_groups": null
          },
          "sensitive_attributes": [],
          "private": "bnVsbA==",
          "dependencies": [
            "module.networking_module.aws_security_group.sg01",
            "module.networking_module.aws_security_group.sg02",
            "module.networking_module.aws_vpc.vpc01"
          ],
          "create_before_destroy": true
        }
      ]
    },
    {
      "module": "module.loadbalancer_module",
      "mode": "managed",
      "type": "aws_lb",
      "name": "lb01",
      "provider": "provider[\"registry.terraform.io/hashicorp/aws\"]",
      "instances": [
        {
          "schema_version": 0,
          "attributes": {
            "access_logs": [
              {
                "bucket": "",
                "enabled": false,
                "prefix": ""
              }
            ],
            "arn": "arn:aws:elasticloadbalancing:ap-southeast-1:656859035273:loadbalancer/app/loadbalaner01/1796cc681bf9ec2a",
            "arn_suffix": "app/loadbalaner01/1796cc681bf9ec2a",
            "customer_owned_ipv4_pool": "",
            "desync_mitigation_mode": "defensive",
            "dns_name": "loadbalaner01-1959582021.ap-southeast-1.elb.amazonaws.com",
            "drop_invalid_header_fields": false,
            "enable_cross_zone_load_balancing": true,
            "enable_deletion_protection": false,
            "enable_http2": true,
            "enable_waf_fail_open": false,
            "id": "arn:aws:elasticloadbalancing:ap-southeast-1:656859035273:loadbalancer/app/loadbalaner01/1796cc681bf9ec2a",
            "idle_timeout": 60,
            "internal": false,
            "ip_address_type": "ipv4",
            "load_balancer_type": "application",
            "name": "loadbalaner01",
            "name_prefix": null,
            "preserve_host_header": false,
            "security_groups": [
              "sg-094b8965eabd5030e"
            ],
            "subnet_mapping": [
              {
                "allocation_id": "",
                "ipv6_address": "",
                "outpost_id": "",
                "private_ipv4_address": "",
                "subnet_id": "subnet-06e94d34de6384893"
              },
              {
                "allocation_id": "",
                "ipv6_address": "",
                "outpost_id": "",
                "private_ipv4_address": "",
                "subnet_id": "subnet-09b448dddcd7aae09"
              }
            ],
            "subnets": [
              "subnet-06e94d34de6384893",
              "subnet-09b448dddcd7aae09"
            ],
            "tags": {
              "Name": "lb01"
            },
            "tags_all": {
              "Name": "lb01"
            },
            "timeouts": null,
            "vpc_id": "vpc-05503f1ed263afe22",
            "zone_id": "Z1LMS91P8CMLE5"
          },
          "sensitive_attributes": [],
          "private": "eyJlMmJmYjczMC1lY2FhLTExZTYtOGY4OC0zNDM2M2JjN2M0YzAiOnsiY3JlYXRlIjo2MDAwMDAwMDAwMDAsImRlbGV0ZSI6NjAwMDAwMDAwMDAwLCJ1cGRhdGUiOjYwMDAwMDAwMDAwMH19",
          "dependencies": [
            "module.networking_module.aws_security_group.sg02",
            "module.networking_module.aws_subnet.public_subnet01",
            "module.networking_module.aws_subnet.public_subnet02",
            "module.networking_module.aws_vpc.vpc01"
          ]
        }
      ]
    },
    {
      "module": "module.loadbalancer_module",
      "mode": "managed",
      "type": "aws_lb_listener",
      "name": "ltn01",
      "provider": "provider[\"registry.terraform.io/hashicorp/aws\"]",
      "instances": [
        {
          "schema_version": 0,
          "attributes": {
            "alpn_policy": null,
            "arn": "arn:aws:elasticloadbalancing:ap-southeast-1:656859035273:listener/app/loadbalaner01/1796cc681bf9ec2a/dc9d2ac6b7b3140a",
            "certificate_arn": null,
            "default_action": [
              {
                "authenticate_cognito": [],
                "authenticate_oidc": [],
                "fixed_response": [],
                "forward": [],
                "order": 1,
                "redirect": [],
                "target_group_arn": "arn:aws:elasticloadbalancing:ap-southeast-1:656859035273:targetgroup/target01/c4eff9e42cf74cdb",
                "type": "forward"
              }
            ],
            "id": "arn:aws:elasticloadbalancing:ap-southeast-1:656859035273:listener/app/loadbalaner01/1796cc681bf9ec2a/dc9d2ac6b7b3140a",
            "load_balancer_arn": "arn:aws:elasticloadbalancing:ap-southeast-1:656859035273:loadbalancer/app/loadbalaner01/1796cc681bf9ec2a",
            "port": 80,
            "protocol": "HTTP",
            "ssl_policy": "",
            "tags": null,
            "tags_all": {},
            "timeouts": null
          },
          "sensitive_attributes": [],
          "private": "eyJlMmJmYjczMC1lY2FhLTExZTYtOGY4OC0zNDM2M2JjN2M0YzAiOnsicmVhZCI6NjAwMDAwMDAwMDAwfX0=",
          "dependencies": [
            "module.loadbalancer_module.aws_lb.lb01",
            "module.loadbalancer_module.aws_lb_target_group.tg01",
            "module.networking_module.aws_security_group.sg02",
            "module.networking_module.aws_subnet.public_subnet01",
            "module.networking_module.aws_subnet.public_subnet02",
            "module.networking_module.aws_vpc.vpc01"
          ]
        }
      ]
    },
    {
      "module": "module.loadbalancer_module",
      "mode": "managed",
      "type": "aws_lb_listener",
      "name": "ltn02",
      "provider": "provider[\"registry.terraform.io/hashicorp/aws\"]",
      "instances": [
        {
          "schema_version": 0,
          "attributes": {
            "alpn_policy": null,
            "arn": "arn:aws:elasticloadbalancing:ap-southeast-1:656859035273:listener/app/loadbalaner01/1796cc681bf9ec2a/a301a0b218472809",
            "certificate_arn": "arn:aws:acm:ap-southeast-1:656859035273:certificate/625efda6-706d-43ee-8f21-ff6eee620ea1",
            "default_action": [
              {
                "authenticate_cognito": [],
                "authenticate_oidc": [],
                "fixed_response": [],
                "forward": [],
                "order": 1,
                "redirect": [],
                "target_group_arn": "arn:aws:elasticloadbalancing:ap-southeast-1:656859035273:targetgroup/target01/c4eff9e42cf74cdb",
                "type": "forward"
              }
            ],
            "id": "arn:aws:elasticloadbalancing:ap-southeast-1:656859035273:listener/app/loadbalaner01/1796cc681bf9ec2a/a301a0b218472809",
            "load_balancer_arn": "arn:aws:elasticloadbalancing:ap-southeast-1:656859035273:loadbalancer/app/loadbalaner01/1796cc681bf9ec2a",
            "port": 443,
            "protocol": "HTTPS",
            "ssl_policy": "ELBSecurityPolicy-2016-08",
            "tags": null,
            "tags_all": {},
            "timeouts": null
          },
          "sensitive_attributes": [],
          "private": "eyJlMmJmYjczMC1lY2FhLTExZTYtOGY4OC0zNDM2M2JjN2M0YzAiOnsicmVhZCI6NjAwMDAwMDAwMDAwfX0=",
          "dependencies": [
            "module.loadbalancer_module.aws_lb.lb01",
            "module.loadbalancer_module.aws_lb_target_group.tg01",
            "module.networking_module.aws_security_group.sg02",
            "module.networking_module.aws_subnet.public_subnet01",
            "module.networking_module.aws_subnet.public_subnet02",
            "module.networking_module.aws_vpc.vpc01",
            "module.route53_module.aws_acm_certificate.cert01"
          ]
        }
      ]
    },
    {
      "module": "module.loadbalancer_module",
      "mode": "managed",
      "type": "aws_lb_target_group",
      "name": "tg01",
      "provider": "provider[\"registry.terraform.io/hashicorp/aws\"]",
      "instances": [
        {
          "schema_version": 0,
          "attributes": {
            "arn": "arn:aws:elasticloadbalancing:ap-southeast-1:656859035273:targetgroup/target01/c4eff9e42cf74cdb",
            "arn_suffix": "targetgroup/target01/c4eff9e42cf74cdb",
            "connection_termination": false,
            "deregistration_delay": "300",
            "health_check": [
              {
                "enabled": true,
                "healthy_threshold": 5,
                "interval": 30,
                "matcher": "200",
                "path": "/",
                "port": "traffic-port",
                "protocol": "HTTP",
                "timeout": 5,
                "unhealthy_threshold": 2
              }
            ],
            "id": "arn:aws:elasticloadbalancing:ap-southeast-1:656859035273:targetgroup/target01/c4eff9e42cf74cdb",
            "ip_address_type": "ipv4",
            "lambda_multi_value_headers_enabled": false,
            "load_balancing_algorithm_type": "round_robin",
            "name": "target01",
            "name_prefix": null,
            "port": 8080,
            "preserve_client_ip": null,
            "protocol": "HTTP",
            "protocol_version": "HTTP1",
            "proxy_protocol_v2": false,
            "slow_start": 0,
            "stickiness": [
              {
                "cookie_duration": 86400,
                "cookie_name": "",
                "enabled": false,
                "type": "lb_cookie"
              }
            ],
            "tags": null,
            "tags_all": {},
            "target_failover": [
              {
                "on_deregistration": null,
                "on_unhealthy": null
              }
            ],
            "target_type": "instance",
            "vpc_id": "vpc-05503f1ed263afe22"
          },
          "sensitive_attributes": [],
          "private": "bnVsbA==",
          "dependencies": [
            "module.networking_module.aws_vpc.vpc01"
          ]
        }
      ]
    },
    {
      "module": "module.networking_module",
      "mode": "managed",
      "type": "aws_eip",
      "name": "eip01",
      "provider": "provider[\"registry.terraform.io/hashicorp/aws\"]",
      "instances": [
        {
          "schema_version": 0,
          "attributes": {
            "address": null,
            "allocation_id": "eipalloc-086e8c2ba92212a6e",
            "associate_with_private_ip": null,
            "association_id": "",
            "carrier_ip": "",
            "customer_owned_ip": "",
            "customer_owned_ipv4_pool": "",
            "domain": "vpc",
            "id": "eipalloc-086e8c2ba92212a6e",
            "instance": "",
            "network_border_group": "ap-southeast-1",
            "network_interface": "",
            "private_dns": null,
            "private_ip": "",
            "public_dns": "ec2-52-221-66-134.ap-southeast-1.compute.amazonaws.com",
            "public_ip": "52.221.66.134",
            "public_ipv4_pool": "amazon",
            "tags": {
              "Name": "elastic_ip01"
            },
            "tags_all": {
              "Name": "elastic_ip01"
            },
            "timeouts": null,
            "vpc": true
          },
          "sensitive_attributes": [],
          "private": "eyJlMmJmYjczMC1lY2FhLTExZTYtOGY4OC0zNDM2M2JjN2M0YzAiOnsiZGVsZXRlIjoxODAwMDAwMDAwMDAsInJlYWQiOjkwMDAwMDAwMDAwMCwidXBkYXRlIjozMDAwMDAwMDAwMDB9fQ=="
        }
      ]
    },
    {
      "module": "module.networking_module",
      "mode": "managed",
      "type": "aws_internet_gateway",
      "name": "gw01",
      "provider": "provider[\"registry.terraform.io/hashicorp/aws\"]",
      "instances": [
        {
          "schema_version": 0,
          "attributes": {
            "arn": "arn:aws:ec2:ap-southeast-1:656859035273:internet-gateway/igw-0c9f8ea4246635538",
            "id": "igw-0c9f8ea4246635538",
            "owner_id": "656859035273",
            "tags": {
              "Name": "gateway01"
            },
            "tags_all": {
              "Name": "gateway01"
            },
            "timeouts": null,
            "vpc_id": "vpc-05503f1ed263afe22"
          },
          "sensitive_attributes": [],
          "private": "eyJlMmJmYjczMC1lY2FhLTExZTYtOGY4OC0zNDM2M2JjN2M0YzAiOnsiY3JlYXRlIjoxMjAwMDAwMDAwMDAwLCJkZWxldGUiOjEyMDAwMDAwMDAwMDAsInVwZGF0ZSI6MTIwMDAwMDAwMDAwMH19",
          "dependencies": [
            "module.networking_module.aws_vpc.vpc01"
          ]
        }
      ]
    },
    {
      "module": "module.networking_module",
      "mode": "managed",
      "type": "aws_route_table",
      "name": "public",
      "provider": "provider[\"registry.terraform.io/hashicorp/aws\"]",
      "instances": [
        {
          "schema_version": 0,
          "attributes": {
            "arn": "arn:aws:ec2:ap-southeast-1:656859035273:route-table/rtb-0a1151c97caff252e",
            "id": "rtb-0a1151c97caff252e",
            "owner_id": "656859035273",
            "propagating_vgws": [],
            "route": [
              {
                "carrier_gateway_id": "",
                "cidr_block": "",
                "core_network_arn": "",
                "destination_prefix_list_id": "",
                "egress_only_gateway_id": "",
                "gateway_id": "igw-0c9f8ea4246635538",
                "instance_id": "",
                "ipv6_cidr_block": "::/0",
                "local_gateway_id": "",
                "nat_gateway_id": "",
                "network_interface_id": "",
                "transit_gateway_id": "",
                "vpc_endpoint_id": "",
                "vpc_peering_connection_id": ""
              },
              {
                "carrier_gateway_id": "",
                "cidr_block": "0.0.0.0/0",
                "core_network_arn": "",
                "destination_prefix_list_id": "",
                "egress_only_gateway_id": "",
                "gateway_id": "igw-0c9f8ea4246635538",
                "instance_id": "",
                "ipv6_cidr_block": "",
                "local_gateway_id": "",
                "nat_gateway_id": "",
                "network_interface_id": "",
                "transit_gateway_id": "",
                "vpc_endpoint_id": "",
                "vpc_peering_connection_id": ""
              }
            ],
            "tags": {
              "Name": "public-route-table"
            },
            "tags_all": {
              "Name": "public-route-table"
            },
            "timeouts": null,
            "vpc_id": "vpc-05503f1ed263afe22"
          },
          "sensitive_attributes": [],
          "private": "eyJlMmJmYjczMC1lY2FhLTExZTYtOGY4OC0zNDM2M2JjN2M0YzAiOnsiY3JlYXRlIjozMDAwMDAwMDAwMDAsImRlbGV0ZSI6MzAwMDAwMDAwMDAwLCJ1cGRhdGUiOjEyMDAwMDAwMDAwMH19",
          "dependencies": [
            "module.networking_module.aws_internet_gateway.gw01",
            "module.networking_module.aws_vpc.vpc01"
          ]
        }
      ]
    },
    {
      "module": "module.networking_module",
      "mode": "managed",
      "type": "aws_route_table_association",
      "name": "public01",
      "provider": "provider[\"registry.terraform.io/hashicorp/aws\"]",
      "instances": [
        {
          "schema_version": 0,
          "attributes": {
            "gateway_id": "",
            "id": "rtbassoc-009ba9537da9199e4",
            "route_table_id": "rtb-0a1151c97caff252e",
            "subnet_id": "subnet-06e94d34de6384893"
          },
          "sensitive_attributes": [],
          "private": "bnVsbA==",
          "dependencies": [
            "module.networking_module.aws_internet_gateway.gw01",
            "module.networking_module.aws_route_table.public",
            "module.networking_module.aws_subnet.public_subnet01",
            "module.networking_module.aws_vpc.vpc01"
          ]
        }
      ]
    },
    {
      "module": "module.networking_module",
      "mode": "managed",
      "type": "aws_route_table_association",
      "name": "public02",
      "provider": "provider[\"registry.terraform.io/hashicorp/aws\"]",
      "instances": [
        {
          "schema_version": 0,
          "attributes": {
            "gateway_id": "",
            "id": "rtbassoc-0a28329d48fcfa3b0",
            "route_table_id": "rtb-0a1151c97caff252e",
            "subnet_id": "subnet-09b448dddcd7aae09"
          },
          "sensitive_attributes": [],
          "private": "bnVsbA==",
          "dependencies": [
            "module.networking_module.aws_internet_gateway.gw01",
            "module.networking_module.aws_route_table.public",
            "module.networking_module.aws_subnet.public_subnet02",
            "module.networking_module.aws_vpc.vpc01"
          ]
        }
      ]
    },
    {
      "module": "module.networking_module",
      "mode": "managed",
      "type": "aws_security_group",
      "name": "sg01",
      "provider": "provider[\"registry.terraform.io/hashicorp/aws\"]",
      "instances": [
        {
          "schema_version": 1,
          "attributes": {
            "arn": "arn:aws:ec2:ap-southeast-1:656859035273:security-group/sg-0a0b2116801b165cb",
            "description": "Allow web-traffice inbound traffic",
            "egress": [
              {
                "cidr_blocks": [
                  "0.0.0.0/0"
                ],
                "description": "",
                "from_port": 0,
                "ipv6_cidr_blocks": [],
                "prefix_list_ids": [],
                "protocol": "-1",
                "security_groups": [],
                "self": false,
                "to_port": 0
              }
            ],
            "id": "sg-0a0b2116801b165cb",
            "ingress": [
              {
                "cidr_blocks": [],
                "description": "Allow 8080",
                "from_port": 8080,
                "ipv6_cidr_blocks": [],
                "prefix_list_ids": [],
                "protocol": "tcp",
                "security_groups": [
                  "sg-094b8965eabd5030e"
                ],
                "self": false,
                "to_port": 8080
              }
            ],
            "name": "allow_web-traffic",
            "name_prefix": "",
            "owner_id": "656859035273",
            "revoke_rules_on_delete": false,
            "tags": {
              "Name": "allow_8080_only_from_loadbalaner"
            },
            "tags_all": {
              "Name": "allow_8080_only_from_loadbalaner"
            },
            "timeouts": null,
            "vpc_id": "vpc-05503f1ed263afe22"
          },
          "sensitive_attributes": [],
          "private": "eyJlMmJmYjczMC1lY2FhLTExZTYtOGY4OC0zNDM2M2JjN2M0YzAiOnsiY3JlYXRlIjo2MDAwMDAwMDAwMDAsImRlbGV0ZSI6OTAwMDAwMDAwMDAwfSwic2NoZW1hX3ZlcnNpb24iOiIxIn0=",
          "dependencies": [
            "module.networking_module.aws_security_group.sg02",
            "module.networking_module.aws_vpc.vpc01"
          ],
          "create_before_destroy": true
        }
      ]
    },
    {
      "module": "module.networking_module",
      "mode": "managed",
      "type": "aws_security_group",
      "name": "sg02",
      "provider": "provider[\"registry.terraform.io/hashicorp/aws\"]",
      "instances": [
        {
          "schema_version": 1,
          "attributes": {
            "arn": "arn:aws:ec2:ap-southeast-1:656859035273:security-group/sg-094b8965eabd5030e",
            "description": "Allow web-traffice inbound traffic",
            "egress": [
              {
                "cidr_blocks": [
                  "0.0.0.0/0"
                ],
                "description": "",
                "from_port": 0,
                "ipv6_cidr_blocks": [],
                "prefix_list_ids": [],
                "protocol": "-1",
                "security_groups": [],
                "self": false,
                "to_port": 0
              }
            ],
            "id": "sg-094b8965eabd5030e",
            "ingress": [
              {
                "cidr_blocks": [
                  "0.0.0.0/0"
                ],
                "description": "Allow 443",
                "from_port": 443,
                "ipv6_cidr_blocks": [],
                "prefix_list_ids": [],
                "protocol": "tcp",
                "security_groups": [],
                "self": false,
                "to_port": 443
              },
              {
                "cidr_blocks": [
                  "0.0.0.0/0"
                ],
                "description": "Allow 80",
                "from_port": 80,
                "ipv6_cidr_blocks": [],
                "prefix_list_ids": [],
                "protocol": "tcp",
                "security_groups": [],
                "self": false,
                "to_port": 80
              }
            ],
            "name": "allow_web-traffic-sg02",
            "name_prefix": "",
            "owner_id": "656859035273",
            "revoke_rules_on_delete": false,
            "tags": {
              "Name": "allow-80-443"
            },
            "tags_all": {
              "Name": "allow-80-443"
            },
            "timeouts": null,
            "vpc_id": "vpc-05503f1ed263afe22"
          },
          "sensitive_attributes": [],
          "private": "eyJlMmJmYjczMC1lY2FhLTExZTYtOGY4OC0zNDM2M2JjN2M0YzAiOnsiY3JlYXRlIjo2MDAwMDAwMDAwMDAsImRlbGV0ZSI6OTAwMDAwMDAwMDAwfSwic2NoZW1hX3ZlcnNpb24iOiIxIn0=",
          "dependencies": [
            "module.networking_module.aws_vpc.vpc01"
          ],
          "create_before_destroy": true
        }
      ]
    },
    {
      "module": "module.networking_module",
      "mode": "managed",
      "type": "aws_subnet",
      "name": "public_subnet01",
      "provider": "provider[\"registry.terraform.io/hashicorp/aws\"]",
      "instances": [
        {
          "schema_version": 1,
          "attributes": {
            "arn": "arn:aws:ec2:ap-southeast-1:656859035273:subnet/subnet-06e94d34de6384893",
            "assign_ipv6_address_on_creation": false,
            "availability_zone": "ap-southeast-1b",
            "availability_zone_id": "apse1-az1",
            "cidr_block": "172.16.1.0/24",
            "customer_owned_ipv4_pool": "",
            "enable_dns64": false,
            "enable_resource_name_dns_a_record_on_launch": false,
            "enable_resource_name_dns_aaaa_record_on_launch": false,
            "id": "subnet-06e94d34de6384893",
            "ipv6_cidr_block": "",
            "ipv6_cidr_block_association_id": "",
            "ipv6_native": false,
            "map_customer_owned_ip_on_launch": false,
            "map_public_ip_on_launch": false,
            "outpost_arn": "",
            "owner_id": "656859035273",
            "private_dns_hostname_type_on_launch": "ip-name",
            "tags": {
              "Name": "public_subnet01"
            },
            "tags_all": {
              "Name": "public_subnet01"
            },
            "timeouts": null,
            "vpc_id": "vpc-05503f1ed263afe22"
          },
          "sensitive_attributes": [],
          "private": "eyJlMmJmYjczMC1lY2FhLTExZTYtOGY4OC0zNDM2M2JjN2M0YzAiOnsiY3JlYXRlIjo2MDAwMDAwMDAwMDAsImRlbGV0ZSI6MTIwMDAwMDAwMDAwMH0sInNjaGVtYV92ZXJzaW9uIjoiMSJ9",
          "dependencies": [
            "module.networking_module.aws_vpc.vpc01"
          ],
          "create_before_destroy": true
        }
      ]
    },
    {
      "module": "module.networking_module",
      "mode": "managed",
      "type": "aws_subnet",
      "name": "public_subnet02",
      "provider": "provider[\"registry.terraform.io/hashicorp/aws\"]",
      "instances": [
        {
          "schema_version": 1,
          "attributes": {
            "arn": "arn:aws:ec2:ap-southeast-1:656859035273:subnet/subnet-09b448dddcd7aae09",
            "assign_ipv6_address_on_creation": false,
            "availability_zone": "ap-southeast-1c",
            "availability_zone_id": "apse1-az3",
            "cidr_block": "172.16.2.0/24",
            "customer_owned_ipv4_pool": "",
            "enable_dns64": false,
            "enable_resource_name_dns_a_record_on_launch": false,
            "enable_resource_name_dns_aaaa_record_on_launch": false,
            "id": "subnet-09b448dddcd7aae09",
            "ipv6_cidr_block": "",
            "ipv6_cidr_block_association_id": "",
            "ipv6_native": false,
            "map_customer_owned_ip_on_launch": false,
            "map_public_ip_on_launch": false,
            "outpost_arn": "",
            "owner_id": "656859035273",
            "private_dns_hostname_type_on_launch": "ip-name",
            "tags": {
              "Name": "public_subnet02"
            },
            "tags_all": {
              "Name": "public_subnet02"
            },
            "timeouts": null,
            "vpc_id": "vpc-05503f1ed263afe22"
          },
          "sensitive_attributes": [],
          "private": "eyJlMmJmYjczMC1lY2FhLTExZTYtOGY4OC0zNDM2M2JjN2M0YzAiOnsiY3JlYXRlIjo2MDAwMDAwMDAwMDAsImRlbGV0ZSI6MTIwMDAwMDAwMDAwMH0sInNjaGVtYV92ZXJzaW9uIjoiMSJ9",
          "dependencies": [
            "module.networking_module.aws_vpc.vpc01"
          ],
          "create_before_destroy": true
        }
      ]
    },
    {
      "module": "module.networking_module",
      "mode": "managed",
      "type": "aws_vpc",
      "name": "vpc01",
      "provider": "provider[\"registry.terraform.io/hashicorp/aws\"]",
      "instances": [
        {
          "schema_version": 1,
          "attributes": {
            "arn": "arn:aws:ec2:ap-southeast-1:656859035273:vpc/vpc-05503f1ed263afe22",
            "assign_generated_ipv6_cidr_block": false,
            "cidr_block": "172.16.0.0/16",
            "default_network_acl_id": "acl-091d25156a1ff9b10",
            "default_route_table_id": "rtb-04924e62c0a830b2b",
            "default_security_group_id": "sg-0388870ad63821adc",
            "dhcp_options_id": "dopt-bf6c84d9",
            "enable_classiclink": false,
            "enable_classiclink_dns_support": false,
            "enable_dns_hostnames": false,
            "enable_dns_support": true,
            "enable_network_address_usage_metrics": false,
            "id": "vpc-05503f1ed263afe22",
            "instance_tenancy": "default",
            "ipv4_ipam_pool_id": null,
            "ipv4_netmask_length": null,
            "ipv6_association_id": "",
            "ipv6_cidr_block": "",
            "ipv6_cidr_block_network_border_group": "",
            "ipv6_ipam_pool_id": "",
            "ipv6_netmask_length": 0,
            "main_route_table_id": "rtb-04924e62c0a830b2b",
            "owner_id": "656859035273",
            "tags": {
              "Name": "aws_vpc01"
            },
            "tags_all": {
              "Name": "aws_vpc01"
            }
          },
          "sensitive_attributes": [],
          "private": "eyJzY2hlbWFfdmVyc2lvbiI6IjEifQ==",
          "create_before_destroy": true
        }
      ]
    },
    {
      "module": "module.route53_module",
      "mode": "managed",
      "type": "aws_acm_certificate",
      "name": "cert01",
      "provider": "provider[\"registry.terraform.io/hashicorp/aws\"]",
      "instances": [
        {
          "schema_version": 0,
          "attributes": {
            "arn": "arn:aws:acm:ap-southeast-1:656859035273:certificate/625efda6-706d-43ee-8f21-ff6eee620ea1",
            "certificate_authority_arn": "",
            "certificate_body": null,
            "certificate_chain": null,
            "domain_name": "chat.techwithnc.net",
            "domain_validation_options": [
              {
                "domain_name": "chat.techwithnc.net",
                "resource_record_name": "_c751dd1467b8f5b239e34142495adf2c.chat.techwithnc.net.",
                "resource_record_type": "CNAME",
                "resource_record_value": "_9bc779d778ebf22c9e175b5920078acf.lrqzvpkdnn.acm-validations.aws."
              }
            ],
            "early_renewal_duration": "",
            "id": "arn:aws:acm:ap-southeast-1:656859035273:certificate/625efda6-706d-43ee-8f21-ff6eee620ea1",
            "key_algorithm": "RSA_2048",
            "not_after": "",
            "not_before": "",
            "options": [
              {
                "certificate_transparency_logging_preference": "ENABLED"
              }
            ],
            "pending_renewal": false,
            "private_key": null,
            "renewal_eligibility": "INELIGIBLE",
            "renewal_summary": [],
            "status": "PENDING_VALIDATION",
            "subject_alternative_names": [
              "chat.techwithnc.net"
            ],
            "tags": {
              "Name": "For Certificate"
            },
            "tags_all": {
              "Name": "For Certificate"
            },
            "type": "AMAZON_ISSUED",
            "validation_emails": [],
            "validation_method": "DNS",
            "validation_option": []
          },
          "sensitive_attributes": [],
          "private": "bnVsbA==",
          "create_before_destroy": true
        }
      ]
    },
    {
      "module": "module.route53_module",
      "mode": "managed",
      "type": "aws_acm_certificate_validation",
      "name": "cert01_validate",
      "provider": "provider[\"registry.terraform.io/hashicorp/aws\"]",
      "instances": [
        {
          "schema_version": 0,
          "attributes": {
            "certificate_arn": "arn:aws:acm:ap-southeast-1:656859035273:certificate/625efda6-706d-43ee-8f21-ff6eee620ea1",
            "id": "2023-06-16 03:14:23.754 +0000 UTC",
            "timeouts": null,
            "validation_record_fqdns": [
              "_c751dd1467b8f5b239e34142495adf2c.chat.techwithnc.net"
            ]
          },
          "sensitive_attributes": [],
          "private": "eyJlMmJmYjczMC1lY2FhLTExZTYtOGY4OC0zNDM2M2JjN2M0YzAiOnsiY3JlYXRlIjo0NTAwMDAwMDAwMDAwfX0=",
          "dependencies": [
            "module.route53_module.aws_acm_certificate.cert01",
            "module.route53_module.aws_route53_record.cert01"
          ]
        }
      ]
    },
    {
      "module": "module.route53_module",
      "mode": "managed",
      "type": "aws_route53_record",
      "name": "app01",
      "provider": "provider[\"registry.terraform.io/hashicorp/aws\"]",
      "instances": [
        {
          "schema_version": 2,
          "attributes": {
            "alias": [
              {
                "evaluate_target_health": true,
                "name": "loadbalaner01-1959582021.ap-southeast-1.elb.amazonaws.com",
                "zone_id": "Z1LMS91P8CMLE5"
              }
            ],
            "allow_overwrite": null,
            "cidr_routing_policy": [],
            "failover_routing_policy": [],
            "fqdn": "chat.techwithnc.net",
            "geolocation_routing_policy": [],
            "health_check_id": "",
            "id": "Z10055231VT0DZ030GYZU_chat_A",
            "latency_routing_policy": [],
            "multivalue_answer_routing_policy": false,
            "name": "chat",
            "records": null,
            "set_identifier": "",
            "ttl": 0,
            "type": "A",
            "weighted_routing_policy": [],
            "zone_id": "Z10055231VT0DZ030GYZU"
          },
          "sensitive_attributes": [],
          "private": "eyJzY2hlbWFfdmVyc2lvbiI6IjIifQ==",
          "dependencies": [
            "module.loadbalancer_module.aws_lb.lb01",
            "module.networking_module.aws_security_group.sg02",
            "module.networking_module.aws_subnet.public_subnet01",
            "module.networking_module.aws_subnet.public_subnet02",
            "module.networking_module.aws_vpc.vpc01"
          ]
        }
      ]
    },
    {
      "module": "module.route53_module",
      "mode": "managed",
      "type": "aws_route53_record",
      "name": "cert01",
      "provider": "provider[\"registry.terraform.io/hashicorp/aws\"]",
      "instances": [
        {
          "schema_version": 2,
          "attributes": {
            "alias": [],
            "allow_overwrite": true,
            "cidr_routing_policy": [],
            "failover_routing_policy": [],
            "fqdn": "_c751dd1467b8f5b239e34142495adf2c.chat.techwithnc.net",
            "geolocation_routing_policy": [],
            "health_check_id": "",
            "id": "Z10055231VT0DZ030GYZU__c751dd1467b8f5b239e34142495adf2c.chat.techwithnc.net._CNAME",
            "latency_routing_policy": [],
            "multivalue_answer_routing_policy": false,
            "name": "_c751dd1467b8f5b239e34142495adf2c.chat.techwithnc.net",
            "records": [
              "_9bc779d778ebf22c9e175b5920078acf.lrqzvpkdnn.acm-validations.aws."
            ],
            "set_identifier": "",
            "ttl": 60,
            "type": "CNAME",
            "weighted_routing_policy": [],
            "zone_id": "Z10055231VT0DZ030GYZU"
          },
          "sensitive_attributes": [],
          "private": "eyJzY2hlbWFfdmVyc2lvbiI6IjIifQ==",
          "dependencies": [
            "module.route53_module.aws_acm_certificate.cert01"
          ]
        }
      ]
    }
  ],
  "check_results": null
}
